
Microsoft Visual Studio Solution File, Format Version 12.00
# Visual Studio 15
VisualStudioVersion = 15.0.26730.15
MinimumVisualStudioVersion = 10.0.40219.1
Project("{FAE04EC0-301F-11D3-BF4B-00C04F79EFBC}") = "Open.AzureRestAPI.Core", "Open.AzureRestAPI.Core\Open.AzureRestAPI.Core.csproj", "{BBABDE4F-D5EA-4A4C-B457-544C92D5CCEF}"
EndProject
Project("{2150E333-8FDC-42A3-9474-1A3956D46DE8}") = "Solution Items", "Solution Items", "{ED52AFA1-146E-40BC-B080-E42C36AFE468}"
	ProjectSection(SolutionItems) = preProject
		readme.md = readme.md
	EndProjectSection
EndProject
Global
	GlobalSection(SolutionConfigurationPlatforms) = preSolution
		Debug|Any CPU = Debug|Any CPU
		Release|Any CPU = Release|Any CPU
	EndGlobalSection
	GlobalSection(ProjectConfigurationPlatforms) = postSolution
		{BBABDE4F-D5EA-4A4C-B457-544C92D5CCEF}.Debug|Any CPU.ActiveCfg = Debug|Any CPU
		{BBABDE4F-D5EA-4A4C-B457-544C92D5CCEF}.Debug|Any CPU.Build.0 = Debug|Any CPU
		{BBABDE4F-D5EA-4A4C-B457-544C92D5CCEF}.Release|Any CPU.ActiveCfg = Release|Any CPU
		{BBABDE4F-D5EA-4A4C-B457-544C92D5CCEF}.Release|Any CPU.Build.0 = Release|Any CPU
	EndGlobalSection
	GlobalSection(SolutionProperties) = preSolution
		HideSolutionNode = FALSE
	EndGlobalSection
	GlobalSection(ExtensibilityGlobals) = postSolution
		SolutionGuid = {CC65959E-1A1B-4B89-8A66-49207393551A}
	EndGlobalSection
EndGlobal
